
Microsoft Visual Studio Solution File, Format Version 12.00
# Visual Studio Version 17
VisualStudioVersion = 17.12.35506.116 d17.12
MinimumVisualStudioVersion = 10.0.40219.1
Project("{FAE04EC0-301F-11D3-BF4B-00C04F79EFBC}") = "date-time", "date-time.csproj", "{DDF2ADCB-4776-405C-B04E-3A76B26940EA}"
EndProject
Project("{FAE04EC0-301F-11D3-BF4B-00C04F79EFBC}") = "ClassLibrary1", "..\ClassLibrary1\ClassLibrary1.csproj", "{538F01FD-A253-4A57-9637-5152CADDC9E5}"
EndProject
Global
	GlobalSection(SolutionConfigurationPlatforms) = preSolution
		Debug|Any CPU = Debug|Any CPU
		Release|Any CPU = Release|Any CPU
	EndGlobalSection
	GlobalSection(ProjectConfigurationPlatforms) = postSolution
		{DDF2ADCB-4776-405C-B04E-3A76B26940EA}.Debug|Any CPU.ActiveCfg = Debug|Any CPU
		{DDF2ADCB-4776-405C-B04E-3A76B26940EA}.Debug|Any CPU.Build.0 = Debug|Any CPU
		{DDF2ADCB-4776-405C-B04E-3A76B26940EA}.Release|Any CPU.ActiveCfg = Release|Any CPU
		{DDF2ADCB-4776-405C-B04E-3A76B26940EA}.Release|Any CPU.Build.0 = Release|Any CPU
		{538F01FD-A253-4A57-9637-5152CADDC9E5}.Debug|Any CPU.ActiveCfg = Debug|Any CPU
		{538F01FD-A253-4A57-9637-5152CADDC9E5}.Debug|Any CPU.Build.0 = Debug|Any CPU
		{538F01FD-A253-4A57-9637-5152CADDC9E5}.Release|Any CPU.ActiveCfg = Release|Any CPU
		{538F01FD-A253-4A57-9637-5152CADDC9E5}.Release|Any CPU.Build.0 = Release|Any CPU
	EndGlobalSection
	GlobalSection(SolutionProperties) = preSolution
		HideSolutionNode = FALSE
	EndGlobalSection
EndGlobal
