
Microsoft Visual Studio Solution File, Format Version 12.00
# Visual Studio Version 17
VisualStudioVersion = 17.12.35506.116 d17.12
MinimumVisualStudioVersion = 10.0.40219.1
Project("{FAE04EC0-301F-11D3-BF4B-00C04F79EFBC}") = "Day one - variable's", "Day one - variable's.csproj", "{B3B370B1-147D-49B2-987B-44020B4C8D65}"
EndProject
Global
	GlobalSection(SolutionConfigurationPlatforms) = preSolution
		Debug|Any CPU = Debug|Any CPU
		Release|Any CPU = Release|Any CPU
	EndGlobalSection
	GlobalSection(ProjectConfigurationPlatforms) = postSolution
		{B3B370B1-147D-49B2-987B-44020B4C8D65}.Debug|Any CPU.ActiveCfg = Debug|Any CPU
		{B3B370B1-147D-49B2-987B-44020B4C8D65}.Debug|Any CPU.Build.0 = Debug|Any CPU
		{B3B370B1-147D-49B2-987B-44020B4C8D65}.Release|Any CPU.ActiveCfg = Release|Any CPU
		{B3B370B1-147D-49B2-987B-44020B4C8D65}.Release|Any CPU.Build.0 = Release|Any CPU
	EndGlobalSection
	GlobalSection(SolutionProperties) = preSolution
		HideSolutionNode = FALSE
	EndGlobalSection
EndGlobal
